
Microsoft Visual Studio Solution File, Format Version 12.00
# Visual Studio Version 17
VisualStudioVersion = 17.3.32825.248
MinimumVisualStudioVersion = 10.0.40219.1
Project("{FAE04EC0-301F-11D3-BF4B-00C04F79EFBC}") = "RoomLibrarykovyarov", "RoomLibrarykovyarov.csproj", "{A5A2D6EB-C2F9-47DB-B6C1-EF4206D8276F}"
EndProject
Global
	GlobalSection(SolutionConfigurationPlatforms) = preSolution
		Debug|Any CPU = Debug|Any CPU
		Release|Any CPU = Release|Any CPU
	EndGlobalSection
	GlobalSection(ProjectConfigurationPlatforms) = postSolution
		{A5A2D6EB-C2F9-47DB-B6C1-EF4206D8276F}.Debug|Any CPU.ActiveCfg = Debug|Any CPU
		{A5A2D6EB-C2F9-47DB-B6C1-EF4206D8276F}.Debug|Any CPU.Build.0 = Debug|Any CPU
		{A5A2D6EB-C2F9-47DB-B6C1-EF4206D8276F}.Release|Any CPU.ActiveCfg = Release|Any CPU
		{A5A2D6EB-C2F9-47DB-B6C1-EF4206D8276F}.Release|Any CPU.Build.0 = Release|Any CPU
	EndGlobalSection
	GlobalSection(SolutionProperties) = preSolution
		HideSolutionNode = FALSE
	EndGlobalSection
	GlobalSection(ExtensibilityGlobals) = postSolution
		SolutionGuid = {5CC4140A-F58C-4FE4-B6C0-C5FCE410431A}
	EndGlobalSection
EndGlobal
